<?xml version="1.0" encoding="utf-8"?>
<Project ToolsVersion="4.0" xmlns="http://schemas.microsoft.com/developer/msbuild/2003">
  <ItemGroup>
    <Filter Include="Source Files">
      <UniqueIdentifier>{4FC737F1-C7A5-4376-A066-2A32D752A2FF}</UniqueIdentifier>
      <Extensions>cpp;c;cc;cxx;c++;cppm;ixx;def;odl;idl;hpj;bat;asm;asmx</Extensions>
    </Filter>
    <Filter Include="Header Files">
      <UniqueIdentifier>{93995380-89BD-4b04-88EB-625FBE52EBFB}</UniqueIdentifier>
      <Extensions>h;hh;hpp;hxx;h++;hm;inl;inc;ipp;xsd</Extensions>
    </Filter>
    <Filter Include="Resource Files">
      <UniqueIdentifier>{67DA6AB6-F800-4c08-8B7A-83BB121AAD01}</UniqueIdentifier>
      <Extensions>rc;ico;cur;bmp;dlg;rc2;rct;bin;rgs;gif;jpg;jpeg;jpe;resx;tiff;tif;png;wav;mfcribbon-ms</Extensions>
    </Filter>
    <Filter Include="Header Files\DBController">
      <UniqueIdentifier>{a0ab13b2-fb24-42b6-839e-796378759388}</UniqueIdentifier>
    </Filter>
    <Filter Include="Resource Files\DBControllerImpl">
      <UniqueIdentifier>{8401b0d9-1665-4119-9337-09eee44da213}</UniqueIdentifier>
    </Filter>
    <Filter Include="Header Files\Account">
      <UniqueIdentifier>{731e224b-dbae-40d1-b728-079579b8b2db}</UniqueIdentifier>
    </Filter>
    <Filter Include="Header Files\UI">
      <UniqueIdentifier>{b2ed057e-f097-4621-b230-758f103f83f8}</UniqueIdentifier>
    </Filter>
    <Filter Include="Header Files\UI\Controls">
      <UniqueIdentifier>{f85f90ae-bc1d-4ddb-a7de-23d25b1cbf23}</UniqueIdentifier>
    </Filter>
    <Filter Include="Header Files\UI\Screens">
      <UniqueIdentifier>{f2edf288-905b-45ce-aaac-42fcb2b6e7e6}</UniqueIdentifier>
    </Filter>
    <Filter Include="Source Files\UI">
      <UniqueIdentifier>{783fe493-fbeb-40dd-94c0-02d51a9fb0b9}</UniqueIdentifier>
    </Filter>
    <Filter Include="Source Files\UI\Controls">
      <UniqueIdentifier>{3e46e127-ccf9-496f-b48a-0b3fb4fec394}</UniqueIdentifier>
    </Filter>
    <Filter Include="Source Files\UI\Controls\Inputs">
      <UniqueIdentifier>{c1c641ba-204f-4598-8225-aed712c7d119}</UniqueIdentifier>
    </Filter>
    <Filter Include="Header Files\UI\Controls\Inputs">
      <UniqueIdentifier>{0226cef7-026c-435e-bddf-81856d7d4442}</UniqueIdentifier>
    </Filter>
    <Filter Include="Source Files\UI\Controls\Screens">
      <UniqueIdentifier>{49c4e5ec-d86c-41ae-8543-231355ccf8e0}</UniqueIdentifier>
    </Filter>
    <Filter Include="Header Files\Security">
      <UniqueIdentifier>{645c9334-d50f-4427-b3da-e62898ba4b60}</UniqueIdentifier>
    </Filter>
  </ItemGroup>
  <ItemGroup>
    <ClCompile Include="cpp-atm.cpp">
      <Filter>Source Files</Filter>
    </ClCompile>
    <ClCompile Include="sqlite\sqlite3.c">
      <Filter>Source Files</Filter>
    </ClCompile>
    <ClCompile Include="DBController.cpp">
      <Filter>Resource Files\DBControllerImpl</Filter>
    </ClCompile>
    <ClCompile Include="AuthDataDao.cpp">
      <Filter>Resource Files\DBControllerImpl</Filter>
    </ClCompile>
    <ClCompile Include="TransactionDao.cpp">
      <Filter>Resource Files\DBControllerImpl</Filter>
    </ClCompile>
    <ClCompile Include="CardDao.cpp">
      <Filter>Resource Files\DBControllerImpl</Filter>
    </ClCompile>
    <ClCompile Include="ConsoleUtils.cpp">
      <Filter>Source Files</Filter>
    </ClCompile>
    <ClCompile Include="UIModels.h">
      <Filter>Header Files\UI</Filter>
    </ClCompile>
    <ClCompile Include="UIModels.cpp">
      <Filter>Source Files</Filter>
    </ClCompile>
    <ClCompile Include="Control.h">
      <Filter>Header Files\UI</Filter>
    </ClCompile>
    <ClCompile Include="Model.h">
      <Filter>Header Files\UI</Filter>
    </ClCompile>
    <ClCompile Include="PinInput.cpp">
      <Filter>Source Files</Filter>
    </ClCompile>
    <ClCompile Include="CardNumberInput.cpp">
      <Filter>Source Files</Filter>
    </ClCompile>
    <ClCompile Include="Input.cpp">
      <Filter>Source Files\UI\Controls\Inputs</Filter>
    </ClCompile>
    <ClCompile Include="Window.cpp">
      <Filter>Header Files\UI\Controls</Filter>
    </ClCompile>
    <ClCompile Include="LoginScreen.cpp">
      <Filter>Source Files\UI\Controls\Screens</Filter>
    </ClCompile>
    <ClCompile Include="Label.cpp">
      <Filter>Source Files\UI\Controls</Filter>
    </ClCompile>
    <ClCompile Include="Menu.cpp">
      <Filter>Source Files\UI\Controls</Filter>
    </ClCompile>
    <ClCompile Include="Model.cpp">
      <Filter>Source Files\UI</Filter>
    </ClCompile>
    <ClCompile Include="CardSellectionScreen.h">
      <Filter>Header Files\UI\Screens</Filter>
    </ClCompile>
    <ClCompile Include="CardSellectionScreen.cpp">
      <Filter>Source Files\UI\Controls\Screens</Filter>
    </ClCompile>
    <ClCompile Include="CardDataScreen.h">
      <Filter>Header Files\UI\Screens</Filter>
    </ClCompile>
    <ClCompile Include="SumInputScreen.h">
      <Filter>Header Files\UI\Screens</Filter>
    </ClCompile>
    <ClCompile Include="CardNumberInputScreen.h">
      <Filter>Header Files\UI\Screens</Filter>
    </ClCompile>
  </ItemGroup>
  <ItemGroup>
    <ClInclude Include="DBController.h">
      <Filter>Header Files\DBController</Filter>
    </ClInclude>
    <ClInclude Include="AuthDataDao.h">
      <Filter>Header Files\DBController</Filter>
    </ClInclude>
    <ClInclude Include="TransactionDao.h">
      <Filter>Header Files\DBController</Filter>
    </ClInclude>
    <ClInclude Include="CardDao.h">
      <Filter>Header Files\DBController</Filter>
    </ClInclude>
    <ClInclude Include="Account.h">
      <Filter>Header Files\Account</Filter>
    </ClInclude>
    <ClInclude Include="AuthenticationData.h">
      <Filter>Header Files\Account</Filter>
    </ClInclude>
    <ClInclude Include="Transaction.h">
      <Filter>Header Files\Account</Filter>
    </ClInclude>
    <ClInclude Include="UserData.h">
      <Filter>Header Files\Account</Filter>
    </ClInclude>
    <ClInclude Include="CreditCard.h">
      <Filter>Header Files</Filter>
    </ClInclude>
    <ClInclude Include="DebitCard.h">
      <Filter>Header Files</Filter>
    </ClInclude>
    <ClInclude Include="ConsoleUtils.h">
      <Filter>Header Files\UI</Filter>
    </ClInclude>
    <ClInclude Include="PinInput.h">
      <Filter>Header Files\UI\Controls</Filter>
    </ClInclude>
    <ClInclude Include="CardNumberInput.h">
      <Filter>Header Files\UI\Controls</Filter>
    </ClInclude>
    <ClInclude Include="Screen.h">
      <Filter>Header Files\UI\Screens</Filter>
    </ClInclude>
    <ClInclude Include="LoginScreen.h">
      <Filter>Header Files\UI\Screens</Filter>
    </ClInclude>
    <ClInclude Include="Screen.cpp">
      <Filter>Source Files\UI\Controls</Filter>
    </ClInclude>
    <ClInclude Include="Label.h">
      <Filter>Header Files\UI\Controls</Filter>
    </ClInclude>
    <ClInclude Include="Methods.h">
      <Filter>Header Files\Account</Filter>
    </ClInclude>
    <ClInclude Include="Security.h">
      <Filter>Header Files\Security</Filter>
    </ClInclude>
    <ClInclude Include="Menu.h">
      <Filter>Header Files\UI\Controls</Filter>
    </ClInclude>
    <ClInclude Include="Card.h">
      <Filter>Header Files\Account</Filter>
    </ClInclude>
    <ClInclude Include="TransactionInfoScreen.h">
      <Filter>Header Files\UI\Screens</Filter>
    </ClInclude>
  </ItemGroup>
  <ItemGroup>
    <None Include="Input.h">
      <Filter>Header Files\UI\Controls\Inputs</Filter>
    </None>
  </ItemGroup>
</Project>